
Microsoft Visual Studio Solution File, Format Version 12.00
# Visual Studio 15
VisualStudioVersion = 15.0.28307.329
MinimumVisualStudioVersion = 10.0.40219.1
Project("{FAE04EC0-301F-11D3-BF4B-00C04F79EFBC}") = "ClickNCheckPractice", "ClickNCheckPractice\ClickNCheckPractice.csproj", "{2BFA50B7-8A12-472B-A332-6A449EB78C00}"
EndProject
Global
	GlobalSection(SolutionConfigurationPlatforms) = preSolution
		Debug|Any CPU = Debug|Any CPU
		Release|Any CPU = Release|Any CPU
	EndGlobalSection
	GlobalSection(ProjectConfigurationPlatforms) = postSolution
		{2BFA50B7-8A12-472B-A332-6A449EB78C00}.Debug|Any CPU.ActiveCfg = Debug|Any CPU
		{2BFA50B7-8A12-472B-A332-6A449EB78C00}.Debug|Any CPU.Build.0 = Debug|Any CPU
		{2BFA50B7-8A12-472B-A332-6A449EB78C00}.Release|Any CPU.ActiveCfg = Release|Any CPU
		{2BFA50B7-8A12-472B-A332-6A449EB78C00}.Release|Any CPU.Build.0 = Release|Any CPU
	EndGlobalSection
	GlobalSection(SolutionProperties) = preSolution
		HideSolutionNode = FALSE
	EndGlobalSection
	GlobalSection(ExtensibilityGlobals) = postSolution
		SolutionGuid = {6B164697-BA4C-451E-82FD-DAE17E9A0FDB}
	EndGlobalSection
EndGlobal
